<?xml version="1.0" encoding="utf-8"?>
<Project ToolsVersion="4.0" xmlns="http://schemas.microsoft.com/developer/msbuild/2003">
  <ItemGroup>
    <Filter Include="Source Files">
      <UniqueIdentifier>{4FC737F1-C7A5-4376-A066-2A32D752A2FF}</UniqueIdentifier>
      <Extensions>cpp;c;cc;cxx;c++;cppm;ixx;def;odl;idl;hpj;bat;asm;asmx</Extensions>
    </Filter>
    <Filter Include="Header Files">
      <UniqueIdentifier>{93995380-89BD-4b04-88EB-625FBE52EBFB}</UniqueIdentifier>
      <Extensions>h;hh;hpp;hxx;h++;hm;inl;inc;ipp;xsd</Extensions>
    </Filter>
    <Filter Include="Resource Files">
      <UniqueIdentifier>{67DA6AB6-F800-4c08-8B7A-83BB121AAD01}</UniqueIdentifier>
      <Extensions>rc;ico;cur;bmp;dlg;rc2;rct;bin;rgs;gif;jpg;jpeg;jpe;resx;tiff;tif;png;wav;mfcribbon-ms</Extensions>
    </Filter>
  </ItemGroup>
  <ItemGroup>
    <ClCompile Include="CS163-Visualizer.cpp">
      <Filter>Source Files</Filter>
    </ClCompile>
    <ClCompile Include="source\Application.cpp">
      <Filter>Source Files</Filter>
    </ClCompile>
    <ClCompile Include="source\ResourceHolder\TextureHolder.cpp">
      <Filter>Source Files</Filter>
    </ClCompile>
    <ClCompile Include="source\StateStack.cpp">
      <Filter>Source Files</Filter>
    </ClCompile>
    <ClCompile Include="source\States\State.cpp">
      <Filter>Source Files</Filter>
    </ClCompile>
    <ClCompile Include="source\ResourceHolder\FontHolder.cpp">
      <Filter>Source Files</Filter>
    </ClCompile>
    <ClCompile Include="source\GUIComponent\Component.cpp">
      <Filter>Source Files</Filter>
    </ClCompile>
    <ClCompile Include="source\GUIComponent\Button.cpp">
      <Filter>Source Files</Filter>
    </ClCompile>
    <ClCompile Include="source\States\HomeState.cpp">
      <Filter>Source Files</Filter>
    </ClCompile>
    <ClCompile Include="source\GUIComponent\Container.cpp">
      <Filter>Source Files</Filter>
    </ClCompile>
    <ClCompile Include="source\GUIComponent\ActionsContainer.cpp">
      <Filter>Source Files</Filter>
    </ClCompile>
    <ClCompile Include="source\GUIComponent\ActionsList.cpp">
      <Filter>Source Files</Filter>
    </ClCompile>
    <ClCompile Include="source\GUIComponent\InputBox.cpp">
      <Filter>Source Files</Filter>
    </ClCompile>
    <ClCompile Include="source\Helper\Helper.cpp">
      <Filter>Source Files</Filter>
    </ClCompile>
  </ItemGroup>
  <ItemGroup>
    <ClInclude Include="source\Application.h">
      <Filter>Header Files</Filter>
    </ClInclude>
    <ClInclude Include="source\ResourceHolder\TextureHolder.h">
      <Filter>Header Files</Filter>
    </ClInclude>
    <ClInclude Include="source\ResourceHolder\ResourceIdentifier.h">
      <Filter>Header Files</Filter>
    </ClInclude>
    <ClInclude Include="source\StateStack.h">
      <Filter>Header Files</Filter>
    </ClInclude>
    <ClInclude Include="source\States\State.h">
      <Filter>Header Files</Filter>
    </ClInclude>
    <ClInclude Include="source\States\StateIdentifiers.h">
      <Filter>Header Files</Filter>
    </ClInclude>
    <ClInclude Include="source\GlobalVar.h">
      <Filter>Header Files</Filter>
    </ClInclude>
    <ClInclude Include="source\ResourceHolder\FontHolder.h">
      <Filter>Header Files</Filter>
    </ClInclude>
    <ClInclude Include="source\GUIComponent\Component.h">
      <Filter>Header Files</Filter>
    </ClInclude>
    <ClInclude Include="source\GUIComponent\Button.h">
      <Filter>Header Files</Filter>
    </ClInclude>
    <ClInclude Include="source\States\HomeState.h">
      <Filter>Header Files</Filter>
    </ClInclude>
    <ClInclude Include="source\GUIComponent\Container.h">
      <Filter>Header Files</Filter>
    </ClInclude>
    <ClInclude Include="source\GUIComponent\ActionsContainer.h">
      <Filter>Header Files</Filter>
    </ClInclude>
    <ClInclude Include="source\GUIComponent\ActionsList.h">
      <Filter>Header Files</Filter>
    </ClInclude>
    <ClInclude Include="source\GUIComponent\InputBox.h">
      <Filter>Header Files</Filter>
    </ClInclude>
    <ClInclude Include="source\Helper\Helper.h">
      <Filter>Header Files</Filter>
    </ClInclude>
  </ItemGroup>
</Project>